// !$*UTF8*$!
{
	archiveVersion = 1;
	classes = {
	};
	objectVersion = 50;
	objects = {

/* Begin PBXBuildFile section */
		2E263DD3F531124FC0724B23 /* Pods_iOSMVVMUITests.framework in Frameworks */ = {isa = PBXBuildFile; fileRef = 1C937AC7826A919E3C84F3A6 /* Pods_iOSMVVMUITests.framework */; };
		6B2E043320AA772C0061D960 /* Page1ViewController.swift in Sources */ = {isa = PBXBuildFile; fileRef = 6B2E043220AA772C0061D960 /* Page1ViewController.swift */; };
		6B2E043520AA77AF0061D960 /* Page1Presenter.swift in Sources */ = {isa = PBXBuildFile; fileRef = 6B2E043420AA77AF0061D960 /* Page1Presenter.swift */; };
		6B2E043720AA786E0061D960 /* Page1.storyboard in Resources */ = {isa = PBXBuildFile; fileRef = 6B2E043620AA786E0061D960 /* Page1.storyboard */; };
		6B2E043A20AA80F80061D960 /* R.generated.swift in Sources */ = {isa = PBXBuildFile; fileRef = 6B2E043920AA80F70061D960 /* R.generated.swift */; };
		6B2E043D20AA8E190061D960 /* BaseViewController.swift in Sources */ = {isa = PBXBuildFile; fileRef = 6B2E043C20AA8E190061D960 /* BaseViewController.swift */; };
		6BBE315520AA5DF000923857 /* AppDelegate.swift in Sources */ = {isa = PBXBuildFile; fileRef = 6BBE315420AA5DF000923857 /* AppDelegate.swift */; };
		6BBE315720AA5DF000923857 /* ViewController.swift in Sources */ = {isa = PBXBuildFile; fileRef = 6BBE315620AA5DF000923857 /* ViewController.swift */; };
		6BBE315A20AA5DF000923857 /* Main.storyboard in Resources */ = {isa = PBXBuildFile; fileRef = 6BBE315820AA5DF000923857 /* Main.storyboard */; };
		6BBE315D20AA5DF000923857 /* iOSMVVM.xcdatamodeld in Sources */ = {isa = PBXBuildFile; fileRef = 6BBE315B20AA5DF000923857 /* iOSMVVM.xcdatamodeld */; };
		6BBE315F20AA5DF200923857 /* Assets.xcassets in Resources */ = {isa = PBXBuildFile; fileRef = 6BBE315E20AA5DF200923857 /* Assets.xcassets */; };
		6BBE316220AA5DF200923857 /* LaunchScreen.storyboard in Resources */ = {isa = PBXBuildFile; fileRef = 6BBE316020AA5DF200923857 /* LaunchScreen.storyboard */; };
		6BBE316D20AA5DF200923857 /* iOSMVVMTests.swift in Sources */ = {isa = PBXBuildFile; fileRef = 6BBE316C20AA5DF200923857 /* iOSMVVMTests.swift */; };
		6BBE317820AA5DF200923857 /* iOSMVVMUITests.swift in Sources */ = {isa = PBXBuildFile; fileRef = 6BBE317720AA5DF200923857 /* iOSMVVMUITests.swift */; };
		AEF49FA8F3EE28DE23E4D84B /* Pods_iOSMVVM.framework in Frameworks */ = {isa = PBXBuildFile; fileRef = BF0FC8515DE5703F081041A5 /* Pods_iOSMVVM.framework */; };
		F3C601A0150CEF5818F20897 /* Pods_iOSMVVMTests.framework in Frameworks */ = {isa = PBXBuildFile; fileRef = D2AB4F71782ADF880F861377 /* Pods_iOSMVVMTests.framework */; };
/* End PBXBuildFile section */

/* Begin PBXContainerItemProxy section */
		6BBE316920AA5DF200923857 /* PBXContainerItemProxy */ = {
			isa = PBXContainerItemProxy;
			containerPortal = 6BBE314920AA5DF000923857 /* Project object */;
			proxyType = 1;
			remoteGlobalIDString = 6BBE315020AA5DF000923857;
			remoteInfo = iOSMVVM;
		};
		6BBE317420AA5DF200923857 /* PBXContainerItemProxy */ = {
			isa = PBXContainerItemProxy;
			containerPortal = 6BBE314920AA5DF000923857 /* Project object */;
			proxyType = 1;
			remoteGlobalIDString = 6BBE315020AA5DF000923857;
			remoteInfo = iOSMVVM;
		};
/* End PBXContainerItemProxy section */

/* Begin PBXFileReference section */
		1C937AC7826A919E3C84F3A6 /* Pods_iOSMVVMUITests.framework */ = {isa = PBXFileReference; explicitFileType = wrapper.framework; includeInIndex = 0; path = Pods_iOSMVVMUITests.framework; sourceTree = BUILT_PRODUCTS_DIR; };
		20073E2827F3B8A63FEF7CCE /* Pods-iOSMVVM.release.xcconfig */ = {isa = PBXFileReference; includeInIndex = 1; lastKnownFileType = text.xcconfig; name = "Pods-iOSMVVM.release.xcconfig"; path = "Pods/Target Support Files/Pods-iOSMVVM/Pods-iOSMVVM.release.xcconfig"; sourceTree = "<group>"; };
		638DF3741BA135FA5C1F462B /* Pods-iOSMVVMTests.debug.xcconfig */ = {isa = PBXFileReference; includeInIndex = 1; lastKnownFileType = text.xcconfig; name = "Pods-iOSMVVMTests.debug.xcconfig"; path = "Pods/Target Support Files/Pods-iOSMVVMTests/Pods-iOSMVVMTests.debug.xcconfig"; sourceTree = "<group>"; };
		6B2E043220AA772C0061D960 /* Page1ViewController.swift */ = {isa = PBXFileReference; lastKnownFileType = sourcecode.swift; path = Page1ViewController.swift; sourceTree = "<group>"; };
		6B2E043420AA77AF0061D960 /* Page1Presenter.swift */ = {isa = PBXFileReference; lastKnownFileType = sourcecode.swift; path = Page1Presenter.swift; sourceTree = "<group>"; };
		6B2E043620AA786E0061D960 /* Page1.storyboard */ = {isa = PBXFileReference; lastKnownFileType = file.storyboard; path = Page1.storyboard; sourceTree = "<group>"; };
		6B2E043920AA80F70061D960 /* R.generated.swift */ = {isa = PBXFileReference; fileEncoding = 4; lastKnownFileType = sourcecode.swift; path = R.generated.swift; sourceTree = SOURCE_ROOT; };
		6B2E043C20AA8E190061D960 /* BaseViewController.swift */ = {isa = PBXFileReference; lastKnownFileType = sourcecode.swift; path = BaseViewController.swift; sourceTree = "<group>"; };
		6BBE315120AA5DF000923857 /* iOSMVVM.app */ = {isa = PBXFileReference; explicitFileType = wrapper.application; includeInIndex = 0; path = iOSMVVM.app; sourceTree = BUILT_PRODUCTS_DIR; };
		6BBE315420AA5DF000923857 /* AppDelegate.swift */ = {isa = PBXFileReference; lastKnownFileType = sourcecode.swift; path = AppDelegate.swift; sourceTree = "<group>"; };
		6BBE315620AA5DF000923857 /* ViewController.swift */ = {isa = PBXFileReference; lastKnownFileType = sourcecode.swift; path = ViewController.swift; sourceTree = "<group>"; };
		6BBE315920AA5DF000923857 /* Base */ = {isa = PBXFileReference; lastKnownFileType = file.storyboard; name = Base; path = Base.lproj/Main.storyboard; sourceTree = "<group>"; };
		6BBE315C20AA5DF000923857 /* iOSMVVM.xcdatamodel */ = {isa = PBXFileReference; lastKnownFileType = wrapper.xcdatamodel; path = iOSMVVM.xcdatamodel; sourceTree = "<group>"; };
		6BBE315E20AA5DF200923857 /* Assets.xcassets */ = {isa = PBXFileReference; lastKnownFileType = folder.assetcatalog; path = Assets.xcassets; sourceTree = "<group>"; };
		6BBE316120AA5DF200923857 /* Base */ = {isa = PBXFileReference; lastKnownFileType = file.storyboard; name = Base; path = Base.lproj/LaunchScreen.storyboard; sourceTree = "<group>"; };
		6BBE316320AA5DF200923857 /* Info.plist */ = {isa = PBXFileReference; lastKnownFileType = text.plist.xml; path = Info.plist; sourceTree = "<group>"; };
		6BBE316820AA5DF200923857 /* iOSMVVMTests.xctest */ = {isa = PBXFileReference; explicitFileType = wrapper.cfbundle; includeInIndex = 0; path = iOSMVVMTests.xctest; sourceTree = BUILT_PRODUCTS_DIR; };
		6BBE316C20AA5DF200923857 /* iOSMVVMTests.swift */ = {isa = PBXFileReference; lastKnownFileType = sourcecode.swift; path = iOSMVVMTests.swift; sourceTree = "<group>"; };
		6BBE316E20AA5DF200923857 /* Info.plist */ = {isa = PBXFileReference; lastKnownFileType = text.plist.xml; path = Info.plist; sourceTree = "<group>"; };
		6BBE317320AA5DF200923857 /* iOSMVVMUITests.xctest */ = {isa = PBXFileReference; explicitFileType = wrapper.cfbundle; includeInIndex = 0; path = iOSMVVMUITests.xctest; sourceTree = BUILT_PRODUCTS_DIR; };
		6BBE317720AA5DF200923857 /* iOSMVVMUITests.swift */ = {isa = PBXFileReference; lastKnownFileType = sourcecode.swift; path = iOSMVVMUITests.swift; sourceTree = "<group>"; };
		6BBE317920AA5DF200923857 /* Info.plist */ = {isa = PBXFileReference; lastKnownFileType = text.plist.xml; path = Info.plist; sourceTree = "<group>"; };
		81781BB812086772A2CDE8C4 /* Pods-iOSMVVM.debug.xcconfig */ = {isa = PBXFileReference; includeInIndex = 1; lastKnownFileType = text.xcconfig; name = "Pods-iOSMVVM.debug.xcconfig"; path = "Pods/Target Support Files/Pods-iOSMVVM/Pods-iOSMVVM.debug.xcconfig"; sourceTree = "<group>"; };
		8A13F64FA83EAA0FC0D37D38 /* Pods-iOSMVVMUITests.debug.xcconfig */ = {isa = PBXFileReference; includeInIndex = 1; lastKnownFileType = text.xcconfig; name = "Pods-iOSMVVMUITests.debug.xcconfig"; path = "Pods/Target Support Files/Pods-iOSMVVMUITests/Pods-iOSMVVMUITests.debug.xcconfig"; sourceTree = "<group>"; };
		BF0FC8515DE5703F081041A5 /* Pods_iOSMVVM.framework */ = {isa = PBXFileReference; explicitFileType = wrapper.framework; includeInIndex = 0; path = Pods_iOSMVVM.framework; sourceTree = BUILT_PRODUCTS_DIR; };
		D00F07061E6703880610D5AE /* Pods-iOSMVVMTests.release.xcconfig */ = {isa = PBXFileReference; includeInIndex = 1; lastKnownFileType = text.xcconfig; name = "Pods-iOSMVVMTests.release.xcconfig"; path = "Pods/Target Support Files/Pods-iOSMVVMTests/Pods-iOSMVVMTests.release.xcconfig"; sourceTree = "<group>"; };
		D2AB4F71782ADF880F861377 /* Pods_iOSMVVMTests.framework */ = {isa = PBXFileReference; explicitFileType = wrapper.framework; includeInIndex = 0; path = Pods_iOSMVVMTests.framework; sourceTree = BUILT_PRODUCTS_DIR; };
		FE98ABBF6EE1103029CF3156 /* Pods-iOSMVVMUITests.release.xcconfig */ = {isa = PBXFileReference; includeInIndex = 1; lastKnownFileType = text.xcconfig; name = "Pods-iOSMVVMUITests.release.xcconfig"; path = "Pods/Target Support Files/Pods-iOSMVVMUITests/Pods-iOSMVVMUITests.release.xcconfig"; sourceTree = "<group>"; };
/* End PBXFileReference section */

/* Begin PBXFrameworksBuildPhase section */
		6BBE314E20AA5DF000923857 /* Frameworks */ = {
			isa = PBXFrameworksBuildPhase;
			buildActionMask = 2147483647;
			files = (
				AEF49FA8F3EE28DE23E4D84B /* Pods_iOSMVVM.framework in Frameworks */,
			);
			runOnlyForDeploymentPostprocessing = 0;
		};
		6BBE316520AA5DF200923857 /* Frameworks */ = {
			isa = PBXFrameworksBuildPhase;
			buildActionMask = 2147483647;
			files = (
				F3C601A0150CEF5818F20897 /* Pods_iOSMVVMTests.framework in Frameworks */,
			);
			runOnlyForDeploymentPostprocessing = 0;
		};
		6BBE317020AA5DF200923857 /* Frameworks */ = {
			isa = PBXFrameworksBuildPhase;
			buildActionMask = 2147483647;
			files = (
				2E263DD3F531124FC0724B23 /* Pods_iOSMVVMUITests.framework in Frameworks */,
			);
			runOnlyForDeploymentPostprocessing = 0;
		};
/* End PBXFrameworksBuildPhase section */

/* Begin PBXGroup section */
		6B2E042720AA75920061D960 /* Swift */ = {
			isa = PBXGroup;
			children = (
				6B2E042920AA75C00061D960 /* Application */,
				6B2E042A20AA760F0061D960 /* PresentationLayer */,
				6B2E042E20AA766C0061D960 /* DomainLayer */,
				6B2E043020AA76930061D960 /* DataLayer */,
			);
			path = Swift;
			sourceTree = "<group>";
		};
		6B2E042820AA759C0061D960 /* Storyboards */ = {
			isa = PBXGroup;
			children = (
				6BBE316020AA5DF200923857 /* LaunchScreen.storyboard */,
				6BBE315820AA5DF000923857 /* Main.storyboard */,
				6B2E043620AA786E0061D960 /* Page1.storyboard */,
			);
			path = Storyboards;
			sourceTree = "<group>";
		};
		6B2E042920AA75C00061D960 /* Application */ = {
			isa = PBXGroup;
			children = (
				6BBE315420AA5DF000923857 /* AppDelegate.swift */,
			);
			path = Application;
			sourceTree = "<group>";
		};
		6B2E042A20AA760F0061D960 /* PresentationLayer */ = {
			isa = PBXGroup;
			children = (
				6B2E042C20AA76270061D960 /* ViewController */,
				6B2E042B20AA761F0061D960 /* ViewModel */,
				6B2E042D20AA76410061D960 /* Presenter */,
			);
			path = PresentationLayer;
			sourceTree = "<group>";
		};
		6B2E042B20AA761F0061D960 /* ViewModel */ = {
			isa = PBXGroup;
			children = (
			);
			path = ViewModel;
			sourceTree = "<group>";
		};
		6B2E042C20AA76270061D960 /* ViewController */ = {
			isa = PBXGroup;
			children = (
				6B2E043C20AA8E190061D960 /* BaseViewController.swift */,
				6BBE315620AA5DF000923857 /* ViewController.swift */,
				6B2E043220AA772C0061D960 /* Page1ViewController.swift */,
			);
			path = ViewController;
			sourceTree = "<group>";
		};
		6B2E042D20AA76410061D960 /* Presenter */ = {
			isa = PBXGroup;
			children = (
				6B2E043420AA77AF0061D960 /* Page1Presenter.swift */,
			);
			path = Presenter;
			sourceTree = "<group>";
		};
		6B2E042E20AA766C0061D960 /* DomainLayer */ = {
			isa = PBXGroup;
			children = (
				6B2E042F20AA76840061D960 /* UseCase */,
			);
			path = DomainLayer;
			sourceTree = "<group>";
		};
		6B2E042F20AA76840061D960 /* UseCase */ = {
			isa = PBXGroup;
			children = (
			);
			path = UseCase;
			sourceTree = "<group>";
		};
		6B2E043020AA76930061D960 /* DataLayer */ = {
			isa = PBXGroup;
			children = (
				6B2E043120AA76AA0061D960 /* Repository */,
			);
			path = DataLayer;
			sourceTree = "<group>";
		};
		6B2E043120AA76AA0061D960 /* Repository */ = {
			isa = PBXGroup;
			children = (
			);
			path = Repository;
			sourceTree = "<group>";
		};
		6BBE314820AA5DF000923857 = {
			isa = PBXGroup;
			children = (
				6BBE315320AA5DF000923857 /* iOSMVVM */,
				6BBE316B20AA5DF200923857 /* iOSMVVMTests */,
				6BBE317620AA5DF200923857 /* iOSMVVMUITests */,
				6BBE315220AA5DF000923857 /* Products */,
				8C8C04666BFA65C1DBDC1BD0 /* Pods */,
				AB9AF6FA1D3496B2F5AAC642 /* Frameworks */,
			);
			sourceTree = "<group>";
		};
		6BBE315220AA5DF000923857 /* Products */ = {
			isa = PBXGroup;
			children = (
				6BBE315120AA5DF000923857 /* iOSMVVM.app */,
				6BBE316820AA5DF200923857 /* iOSMVVMTests.xctest */,
				6BBE317320AA5DF200923857 /* iOSMVVMUITests.xctest */,
			);
			name = Products;
			sourceTree = "<group>";
		};
		6BBE315320AA5DF000923857 /* iOSMVVM */ = {
			isa = PBXGroup;
			children = (
				6B2E042720AA75920061D960 /* Swift */,
				6B2E042820AA759C0061D960 /* Storyboards */,
				6BBE315E20AA5DF200923857 /* Assets.xcassets */,
				6BBE316320AA5DF200923857 /* Info.plist */,
				6BBE315B20AA5DF000923857 /* iOSMVVM.xcdatamodeld */,
				6B2E043920AA80F70061D960 /* R.generated.swift */,
			);
			path = iOSMVVM;
			sourceTree = "<group>";
		};
		6BBE316B20AA5DF200923857 /* iOSMVVMTests */ = {
			isa = PBXGroup;
			children = (
				6BBE316C20AA5DF200923857 /* iOSMVVMTests.swift */,
				6BBE316E20AA5DF200923857 /* Info.plist */,
			);
			path = iOSMVVMTests;
			sourceTree = "<group>";
		};
		6BBE317620AA5DF200923857 /* iOSMVVMUITests */ = {
			isa = PBXGroup;
			children = (
				6BBE317720AA5DF200923857 /* iOSMVVMUITests.swift */,
				6BBE317920AA5DF200923857 /* Info.plist */,
			);
			path = iOSMVVMUITests;
			sourceTree = "<group>";
		};
		8C8C04666BFA65C1DBDC1BD0 /* Pods */ = {
			isa = PBXGroup;
			children = (
				81781BB812086772A2CDE8C4 /* Pods-iOSMVVM.debug.xcconfig */,
				20073E2827F3B8A63FEF7CCE /* Pods-iOSMVVM.release.xcconfig */,
				638DF3741BA135FA5C1F462B /* Pods-iOSMVVMTests.debug.xcconfig */,
				D00F07061E6703880610D5AE /* Pods-iOSMVVMTests.release.xcconfig */,
				8A13F64FA83EAA0FC0D37D38 /* Pods-iOSMVVMUITests.debug.xcconfig */,
				FE98ABBF6EE1103029CF3156 /* Pods-iOSMVVMUITests.release.xcconfig */,
			);
			name = Pods;
			sourceTree = "<group>";
		};
		AB9AF6FA1D3496B2F5AAC642 /* Frameworks */ = {
			isa = PBXGroup;
			children = (
				BF0FC8515DE5703F081041A5 /* Pods_iOSMVVM.framework */,
				D2AB4F71782ADF880F861377 /* Pods_iOSMVVMTests.framework */,
				1C937AC7826A919E3C84F3A6 /* Pods_iOSMVVMUITests.framework */,
			);
			name = Frameworks;
			sourceTree = "<group>";
		};
/* End PBXGroup section */

/* Begin PBXNativeTarget section */
		6BBE315020AA5DF000923857 /* iOSMVVM */ = {
			isa = PBXNativeTarget;
			buildConfigurationList = 6BBE317C20AA5DF200923857 /* Build configuration list for PBXNativeTarget "iOSMVVM" */;
			buildPhases = (
				8EA4CC1624406A860FED69D0 /* [CP] Check Pods Manifest.lock */,
				6B2E043820AA7F530061D960 /* ShellScript */,
				6BBE314D20AA5DF000923857 /* Sources */,
				6BBE314E20AA5DF000923857 /* Frameworks */,
				6BBE314F20AA5DF000923857 /* Resources */,
				44C7FEBEB2663F0882876085 /* [CP] Embed Pods Frameworks */,
				EC66BED6E1D8C9056345A37C /* [CP] Copy Pods Resources */,
			);
			buildRules = (
			);
			dependencies = (
			);
			name = iOSMVVM;
			productName = iOSMVVM;
			productReference = 6BBE315120AA5DF000923857 /* iOSMVVM.app */;
			productType = "com.apple.product-type.application";
		};
		6BBE316720AA5DF200923857 /* iOSMVVMTests */ = {
			isa = PBXNativeTarget;
			buildConfigurationList = 6BBE317F20AA5DF200923857 /* Build configuration list for PBXNativeTarget "iOSMVVMTests" */;
			buildPhases = (
				253461D8FD6CD341CF7FBD83 /* [CP] Check Pods Manifest.lock */,
				6BBE316420AA5DF200923857 /* Sources */,
				6BBE316520AA5DF200923857 /* Frameworks */,
				6BBE316620AA5DF200923857 /* Resources */,
				775F0F406196B5E1A0052B61 /* [CP] Embed Pods Frameworks */,
				FEAE4D3E29D4C3526FFB26BB /* [CP] Copy Pods Resources */,
			);
			buildRules = (
			);
			dependencies = (
				6BBE316A20AA5DF200923857 /* PBXTargetDependency */,
			);
			name = iOSMVVMTests;
			productName = iOSMVVMTests;
			productReference = 6BBE316820AA5DF200923857 /* iOSMVVMTests.xctest */;
			productType = "com.apple.product-type.bundle.unit-test";
		};
		6BBE317220AA5DF200923857 /* iOSMVVMUITests */ = {
			isa = PBXNativeTarget;
			buildConfigurationList = 6BBE318220AA5DF200923857 /* Build configuration list for PBXNativeTarget "iOSMVVMUITests" */;
			buildPhases = (
				B79A42057DAEC7FF49C094F9 /* [CP] Check Pods Manifest.lock */,
				6BBE316F20AA5DF200923857 /* Sources */,
				6BBE317020AA5DF200923857 /* Frameworks */,
				6BBE317120AA5DF200923857 /* Resources */,
				CA8E6B2603747E27EC68FEFC /* [CP] Embed Pods Frameworks */,
				69682620C1B772570F2FFA85 /* [CP] Copy Pods Resources */,
			);
			buildRules = (
			);
			dependencies = (
				6BBE317520AA5DF200923857 /* PBXTargetDependency */,
			);
			name = iOSMVVMUITests;
			productName = iOSMVVMUITests;
			productReference = 6BBE317320AA5DF200923857 /* iOSMVVMUITests.xctest */;
			productType = "com.apple.product-type.bundle.ui-testing";
		};
/* End PBXNativeTarget section */

/* Begin PBXProject section */
		6BBE314920AA5DF000923857 /* Project object */ = {
			isa = PBXProject;
			attributes = {
				LastSwiftUpdateCheck = 0930;
				LastUpgradeCheck = 0930;
				ORGANIZATIONNAME = "nokotech inc.";
				TargetAttributes = {
					6BBE315020AA5DF000923857 = {
						CreatedOnToolsVersion = 9.3.1;
					};
					6BBE316720AA5DF200923857 = {
						CreatedOnToolsVersion = 9.3.1;
						TestTargetID = 6BBE315020AA5DF000923857;
					};
					6BBE317220AA5DF200923857 = {
						CreatedOnToolsVersion = 9.3.1;
						TestTargetID = 6BBE315020AA5DF000923857;
					};
				};
			};
			buildConfigurationList = 6BBE314C20AA5DF000923857 /* Build configuration list for PBXProject "iOSMVVM" */;
			compatibilityVersion = "Xcode 9.3";
			developmentRegion = en;
			hasScannedForEncodings = 0;
			knownRegions = (
				en,
				Base,
			);
			mainGroup = 6BBE314820AA5DF000923857;
			productRefGroup = 6BBE315220AA5DF000923857 /* Products */;
			projectDirPath = "";
			projectRoot = "";
			targets = (
				6BBE315020AA5DF000923857 /* iOSMVVM */,
				6BBE316720AA5DF200923857 /* iOSMVVMTests */,
				6BBE317220AA5DF200923857 /* iOSMVVMUITests */,
			);
		};
/* End PBXProject section */

/* Begin PBXResourcesBuildPhase section */
		6BBE314F20AA5DF000923857 /* Resources */ = {
			isa = PBXResourcesBuildPhase;
			buildActionMask = 2147483647;
			files = (
				6BBE316220AA5DF200923857 /* LaunchScreen.storyboard in Resources */,
				6B2E043720AA786E0061D960 /* Page1.storyboard in Resources */,
				6BBE315F20AA5DF200923857 /* Assets.xcassets in Resources */,
				6BBE315A20AA5DF000923857 /* Main.storyboard in Resources */,
			);
			runOnlyForDeploymentPostprocessing = 0;
		};
		6BBE316620AA5DF200923857 /* Resources */ = {
			isa = PBXResourcesBuildPhase;
			buildActionMask = 2147483647;
			files = (
			);
			runOnlyForDeploymentPostprocessing = 0;
		};
		6BBE317120AA5DF200923857 /* Resources */ = {
			isa = PBXResourcesBuildPhase;
			buildActionMask = 2147483647;
			files = (
			);
			runOnlyForDeploymentPostprocessing = 0;
		};
/* End PBXResourcesBuildPhase section */

/* Begin PBXShellScriptBuildPhase section */
		253461D8FD6CD341CF7FBD83 /* [CP] Check Pods Manifest.lock */ = {
			isa = PBXShellScriptBuildPhase;
			buildActionMask = 2147483647;
			files = (
			);
			inputPaths = (
				"${PODS_PODFILE_DIR_PATH}/Podfile.lock",
				"${PODS_ROOT}/Manifest.lock",
			);
			name = "[CP] Check Pods Manifest.lock";
			outputPaths = (
				"$(DERIVED_FILE_DIR)/Pods-iOSMVVMTests-checkManifestLockResult.txt",
			);
			runOnlyForDeploymentPostprocessing = 0;
			shellPath = /bin/sh;
			shellScript = "diff \"${PODS_PODFILE_DIR_PATH}/Podfile.lock\" \"${PODS_ROOT}/Manifest.lock\" > /dev/null\nif [ $? != 0 ] ; then\n    # print error to STDERR\n    echo \"error: The sandbox is not in sync with the Podfile.lock. Run 'pod install' or update your CocoaPods installation.\" >&2\n    exit 1\nfi\n# This output is used by Xcode 'outputs' to avoid re-running this script phase.\necho \"SUCCESS\" > \"${SCRIPT_OUTPUT_FILE_0}\"\n";
			showEnvVarsInLog = 0;
		};
		44C7FEBEB2663F0882876085 /* [CP] Embed Pods Frameworks */ = {
			isa = PBXShellScriptBuildPhase;
			buildActionMask = 2147483647;
			files = (
			);
			inputPaths = (
				"${SRCROOT}/Pods/Target Support Files/Pods-iOSMVVM/Pods-iOSMVVM-frameworks.sh",
				"${BUILT_PRODUCTS_DIR}/R.swift.Library/Rswift.framework",
				"${BUILT_PRODUCTS_DIR}/Realm/Realm.framework",
				"${BUILT_PRODUCTS_DIR}/RealmSwift/RealmSwift.framework",
				"${BUILT_PRODUCTS_DIR}/RxCocoa/RxCocoa.framework",
				"${BUILT_PRODUCTS_DIR}/RxSwift/RxSwift.framework",
			);
			name = "[CP] Embed Pods Frameworks";
			outputPaths = (
				"${TARGET_BUILD_DIR}/${FRAMEWORKS_FOLDER_PATH}/Rswift.framework",
				"${TARGET_BUILD_DIR}/${FRAMEWORKS_FOLDER_PATH}/Realm.framework",
				"${TARGET_BUILD_DIR}/${FRAMEWORKS_FOLDER_PATH}/RealmSwift.framework",
				"${TARGET_BUILD_DIR}/${FRAMEWORKS_FOLDER_PATH}/RxCocoa.framework",
				"${TARGET_BUILD_DIR}/${FRAMEWORKS_FOLDER_PATH}/RxSwift.framework",
			);
			runOnlyForDeploymentPostprocessing = 0;
			shellPath = /bin/sh;
			shellScript = "\"${SRCROOT}/Pods/Target Support Files/Pods-iOSMVVM/Pods-iOSMVVM-frameworks.sh\"\n";
			showEnvVarsInLog = 0;
		};
		69682620C1B772570F2FFA85 /* [CP] Copy Pods Resources */ = {
			isa = PBXShellScriptBuildPhase;
			buildActionMask = 2147483647;
			files = (
			);
			inputPaths = (
			);
			name = "[CP] Copy Pods Resources";
			outputPaths = (
			);
			runOnlyForDeploymentPostprocessing = 0;
			shellPath = /bin/sh;
			shellScript = "\"${SRCROOT}/Pods/Target Support Files/Pods-iOSMVVMUITests/Pods-iOSMVVMUITests-resources.sh\"\n";
			showEnvVarsInLog = 0;
		};
		6B2E043820AA7F530061D960 /* ShellScript */ = {
			isa = PBXShellScriptBuildPhase;
			buildActionMask = 2147483647;
			files = (
			);
			inputPaths = (
			);
			outputPaths = (
			);
			runOnlyForDeploymentPostprocessing = 0;
			shellPath = /bin/sh;
			shellScript = "\"$PODS_ROOT/R.swift/rswift\" generate \"$SRCROOT\"";
		};
		775F0F406196B5E1A0052B61 /* [CP] Embed Pods Frameworks */ = {
			isa = PBXShellScriptBuildPhase;
			buildActionMask = 2147483647;
			files = (
			);
			inputPaths = (
				"${SRCROOT}/Pods/Target Support Files/Pods-iOSMVVMTests/Pods-iOSMVVMTests-frameworks.sh",
				"${BUILT_PRODUCTS_DIR}/RxSwift/RxSwift.framework",
				"${BUILT_PRODUCTS_DIR}/RxBlocking/RxBlocking.framework",
				"${BUILT_PRODUCTS_DIR}/RxTest/RxTest.framework",
			);
			name = "[CP] Embed Pods Frameworks";
			outputPaths = (
				"${TARGET_BUILD_DIR}/${FRAMEWORKS_FOLDER_PATH}/RxSwift.framework",
				"${TARGET_BUILD_DIR}/${FRAMEWORKS_FOLDER_PATH}/RxBlocking.framework",
				"${TARGET_BUILD_DIR}/${FRAMEWORKS_FOLDER_PATH}/RxTest.framework",
			);
			runOnlyForDeploymentPostprocessing = 0;
			shellPath = /bin/sh;
			shellScript = "\"${SRCROOT}/Pods/Target Support Files/Pods-iOSMVVMTests/Pods-iOSMVVMTests-frameworks.sh\"\n";
			showEnvVarsInLog = 0;
		};
		8EA4CC1624406A860FED69D0 /* [CP] Check Pods Manifest.lock */ = {
			isa = PBXShellScriptBuildPhase;
			buildActionMask = 2147483647;
			files = (
			);
			inputPaths = (
				"${PODS_PODFILE_DIR_PATH}/Podfile.lock",
				"${PODS_ROOT}/Manifest.lock",
			);
			name = "[CP] Check Pods Manifest.lock";
			outputPaths = (
				"$(DERIVED_FILE_DIR)/Pods-iOSMVVM-checkManifestLockResult.txt",
			);
			runOnlyForDeploymentPostprocessing = 0;
			shellPath = /bin/sh;
			shellScript = "diff \"${PODS_PODFILE_DIR_PATH}/Podfile.lock\" \"${PODS_ROOT}/Manifest.lock\" > /dev/null\nif [ $? != 0 ] ; then\n    # print error to STDERR\n    echo \"error: The sandbox is not in sync with the Podfile.lock. Run 'pod install' or update your CocoaPods installation.\" >&2\n    exit 1\nfi\n# This output is used by Xcode 'outputs' to avoid re-running this script phase.\necho \"SUCCESS\" > \"${SCRIPT_OUTPUT_FILE_0}\"\n";
			showEnvVarsInLog = 0;
		};
		B79A42057DAEC7FF49C094F9 /* [CP] Check Pods Manifest.lock */ = {
			isa = PBXShellScriptBuildPhase;
			buildActionMask = 2147483647;
			files = (
			);
			inputPaths = (
				"${PODS_PODFILE_DIR_PATH}/Podfile.lock",
				"${PODS_ROOT}/Manifest.lock",
			);
			name = "[CP] Check Pods Manifest.lock";
			outputPaths = (
				"$(DERIVED_FILE_DIR)/Pods-iOSMVVMUITests-checkManifestLockResult.txt",
			);
			runOnlyForDeploymentPostprocessing = 0;
			shellPath = /bin/sh;
			shellScript = "diff \"${PODS_PODFILE_DIR_PATH}/Podfile.lock\" \"${PODS_ROOT}/Manifest.lock\" > /dev/null\nif [ $? != 0 ] ; then\n    # print error to STDERR\n    echo \"error: The sandbox is not in sync with the Podfile.lock. Run 'pod install' or update your CocoaPods installation.\" >&2\n    exit 1\nfi\n# This output is used by Xcode 'outputs' to avoid re-running this script phase.\necho \"SUCCESS\" > \"${SCRIPT_OUTPUT_FILE_0}\"\n";
			showEnvVarsInLog = 0;
		};
		CA8E6B2603747E27EC68FEFC /* [CP] Embed Pods Frameworks */ = {
			isa = PBXShellScriptBuildPhase;
			buildActionMask = 2147483647;
			files = (
			);
			inputPaths = (
			);
			name = "[CP] Embed Pods Frameworks";
			outputPaths = (
			);
			runOnlyForDeploymentPostprocessing = 0;
			shellPath = /bin/sh;
			shellScript = "\"${SRCROOT}/Pods/Target Support Files/Pods-iOSMVVMUITests/Pods-iOSMVVMUITests-frameworks.sh\"\n";
			showEnvVarsInLog = 0;
		};
		EC66BED6E1D8C9056345A37C /* [CP] Copy Pods Resources */ = {
			isa = PBXShellScriptBuildPhase;
			buildActionMask = 2147483647;
			files = (
			);
			inputPaths = (
			);
			name = "[CP] Copy Pods Resources";
			outputPaths = (
			);
			runOnlyForDeploymentPostprocessing = 0;
			shellPath = /bin/sh;
			shellScript = "\"${SRCROOT}/Pods/Target Support Files/Pods-iOSMVVM/Pods-iOSMVVM-resources.sh\"\n";
			showEnvVarsInLog = 0;
		};
		FEAE4D3E29D4C3526FFB26BB /* [CP] Copy Pods Resources */ = {
			isa = PBXShellScriptBuildPhase;
			buildActionMask = 2147483647;
			files = (
			);
			inputPaths = (
			);
			name = "[CP] Copy Pods Resources";
			outputPaths = (
			);
			runOnlyForDeploymentPostprocessing = 0;
			shellPath = /bin/sh;
			shellScript = "\"${SRCROOT}/Pods/Target Support Files/Pods-iOSMVVMTests/Pods-iOSMVVMTests-resources.sh\"\n";
			showEnvVarsInLog = 0;
		};
/* End PBXShellScriptBuildPhase section */

/* Begin PBXSourcesBuildPhase section */
		6BBE314D20AA5DF000923857 /* Sources */ = {
			isa = PBXSourcesBuildPhase;
			buildActionMask = 2147483647;
			files = (
				6BBE315D20AA5DF000923857 /* iOSMVVM.xcdatamodeld in Sources */,
				6B2E043520AA77AF0061D960 /* Page1Presenter.swift in Sources */,
				6B2E043320AA772C0061D960 /* Page1ViewController.swift in Sources */,
				6BBE315720AA5DF000923857 /* ViewController.swift in Sources */,
				6BBE315520AA5DF000923857 /* AppDelegate.swift in Sources */,
				6B2E043D20AA8E190061D960 /* BaseViewController.swift in Sources */,
				6B2E043A20AA80F80061D960 /* R.generated.swift in Sources */,
			);
			runOnlyForDeploymentPostprocessing = 0;
		};
		6BBE316420AA5DF200923857 /* Sources */ = {
			isa = PBXSourcesBuildPhase;
			buildActionMask = 2147483647;
			files = (
				6BBE316D20AA5DF200923857 /* iOSMVVMTests.swift in Sources */,
			);
			runOnlyForDeploymentPostprocessing = 0;
		};
		6BBE316F20AA5DF200923857 /* Sources */ = {
			isa = PBXSourcesBuildPhase;
			buildActionMask = 2147483647;
			files = (
				6BBE317820AA5DF200923857 /* iOSMVVMUITests.swift in Sources */,
			);
			runOnlyForDeploymentPostprocessing = 0;
		};
/* End PBXSourcesBuildPhase section */

/* Begin PBXTargetDependency section */
		6BBE316A20AA5DF200923857 /* PBXTargetDependency */ = {
			isa = PBXTargetDependency;
			target = 6BBE315020AA5DF000923857 /* iOSMVVM */;
			targetProxy = 6BBE316920AA5DF200923857 /* PBXContainerItemProxy */;
		};
		6BBE317520AA5DF200923857 /* PBXTargetDependency */ = {
			isa = PBXTargetDependency;
			target = 6BBE315020AA5DF000923857 /* iOSMVVM */;
			targetProxy = 6BBE317420AA5DF200923857 /* PBXContainerItemProxy */;
		};
/* End PBXTargetDependency section */

/* Begin PBXVariantGroup section */
		6BBE315820AA5DF000923857 /* Main.storyboard */ = {
			isa = PBXVariantGroup;
			children = (
				6BBE315920AA5DF000923857 /* Base */,
			);
			name = Main.storyboard;
			sourceTree = "<group>";
		};
		6BBE316020AA5DF200923857 /* LaunchScreen.storyboard */ = {
			isa = PBXVariantGroup;
			children = (
				6BBE316120AA5DF200923857 /* Base */,
			);
			name = LaunchScreen.storyboard;
			sourceTree = "<group>";
		};
/* End PBXVariantGroup section */

/* Begin XCBuildConfiguration section */
		6BBE317A20AA5DF200923857 /* Debug */ = {
			isa = XCBuildConfiguration;
			buildSettings = {
				ALWAYS_SEARCH_USER_PATHS = NO;
				CLANG_ANALYZER_NONNULL = YES;
				CLANG_ANALYZER_NUMBER_OBJECT_CONVERSION = YES_AGGRESSIVE;
				CLANG_CXX_LANGUAGE_STANDARD = "gnu++14";
				CLANG_CXX_LIBRARY = "libc++";
				CLANG_ENABLE_MODULES = YES;
				CLANG_ENABLE_OBJC_ARC = YES;
				CLANG_ENABLE_OBJC_WEAK = YES;
				CLANG_WARN_BLOCK_CAPTURE_AUTORELEASING = YES;
				CLANG_WARN_BOOL_CONVERSION = YES;
				CLANG_WARN_COMMA = YES;
				CLANG_WARN_CONSTANT_CONVERSION = YES;
				CLANG_WARN_DEPRECATED_OBJC_IMPLEMENTATIONS = YES;
				CLANG_WARN_DIRECT_OBJC_ISA_USAGE = YES_ERROR;
				CLANG_WARN_DOCUMENTATION_COMMENTS = YES;
				CLANG_WARN_EMPTY_BODY = YES;
				CLANG_WARN_ENUM_CONVERSION = YES;
				CLANG_WARN_INFINITE_RECURSION = YES;
				CLANG_WARN_INT_CONVERSION = YES;
				CLANG_WARN_NON_LITERAL_NULL_CONVERSION = YES;
				CLANG_WARN_OBJC_IMPLICIT_RETAIN_SELF = YES;
				CLANG_WARN_OBJC_LITERAL_CONVERSION = YES;
				CLANG_WARN_OBJC_ROOT_CLASS = YES_ERROR;
				CLANG_WARN_RANGE_LOOP_ANALYSIS = YES;
				CLANG_WARN_STRICT_PROTOTYPES = YES;
				CLANG_WARN_SUSPICIOUS_MOVE = YES;
				CLANG_WARN_UNGUARDED_AVAILABILITY = YES_AGGRESSIVE;
				CLANG_WARN_UNREACHABLE_CODE = YES;
				CLANG_WARN__DUPLICATE_METHOD_MATCH = YES;
				CODE_SIGN_IDENTITY = "iPhone Developer";
				COPY_PHASE_STRIP = NO;
				DEBUG_INFORMATION_FORMAT = dwarf;
				ENABLE_STRICT_OBJC_MSGSEND = YES;
				ENABLE_TESTABILITY = YES;
				GCC_C_LANGUAGE_STANDARD = gnu11;
				GCC_DYNAMIC_NO_PIC = NO;
				GCC_NO_COMMON_BLOCKS = YES;
				GCC_OPTIMIZATION_LEVEL = 0;
				GCC_PREPROCESSOR_DEFINITIONS = (
					"DEBUG=1",
					"$(inherited)",
				);
				GCC_WARN_64_TO_32_BIT_CONVERSION = YES;
				GCC_WARN_ABOUT_RETURN_TYPE = YES_ERROR;
				GCC_WARN_UNDECLARED_SELECTOR = YES;
				GCC_WARN_UNINITIALIZED_AUTOS = YES_AGGRESSIVE;
				GCC_WARN_UNUSED_FUNCTION = YES;
				GCC_WARN_UNUSED_VARIABLE = YES;
				IPHONEOS_DEPLOYMENT_TARGET = 11.3;
				MTL_ENABLE_DEBUG_INFO = YES;
				ONLY_ACTIVE_ARCH = YES;
				SDKROOT = iphoneos;
				SWIFT_ACTIVE_COMPILATION_CONDITIONS = DEBUG;
				SWIFT_OPTIMIZATION_LEVEL = "-Onone";
			};
			name = Debug;
		};
		6BBE317B20AA5DF200923857 /* Release */ = {
			isa = XCBuildConfiguration;
			buildSettings = {
				ALWAYS_SEARCH_USER_PATHS = NO;
				CLANG_ANALYZER_NONNULL = YES;
				CLANG_ANALYZER_NUMBER_OBJECT_CONVERSION = YES_AGGRESSIVE;
				CLANG_CXX_LANGUAGE_STANDARD = "gnu++14";
				CLANG_CXX_LIBRARY = "libc++";
				CLANG_ENABLE_MODULES = YES;
				CLANG_ENABLE_OBJC_ARC = YES;
				CLANG_ENABLE_OBJC_WEAK = YES;
				CLANG_WARN_BLOCK_CAPTURE_AUTORELEASING = YES;
				CLANG_WARN_BOOL_CONVERSION = YES;
				CLANG_WARN_COMMA = YES;
				CLANG_WARN_CONSTANT_CONVERSION = YES;
				CLANG_WARN_DEPRECATED_OBJC_IMPLEMENTATIONS = YES;
				CLANG_WARN_DIRECT_OBJC_ISA_USAGE = YES_ERROR;
				CLANG_WARN_DOCUMENTATION_COMMENTS = YES;
				CLANG_WARN_EMPTY_BODY = YES;
				CLANG_WARN_ENUM_CONVERSION = YES;
				CLANG_WARN_INFINITE_RECURSION = YES;
				CLANG_WARN_INT_CONVERSION = YES;
				CLANG_WARN_NON_LITERAL_NULL_CONVERSION = YES;
				CLANG_WARN_OBJC_IMPLICIT_RETAIN_SELF = YES;
				CLANG_WARN_OBJC_LITERAL_CONVERSION = YES;
				CLANG_WARN_OBJC_ROOT_CLASS = YES_ERROR;
				CLANG_WARN_RANGE_LOOP_ANALYSIS = YES;
				CLANG_WARN_STRICT_PROTOTYPES = YES;
				CLANG_WARN_SUSPICIOUS_MOVE = YES;
				CLANG_WARN_UNGUARDED_AVAILABILITY = YES_AGGRESSIVE;
				CLANG_WARN_UNREACHABLE_CODE = YES;
				CLANG_WARN__DUPLICATE_METHOD_MATCH = YES;
				CODE_SIGN_IDENTITY = "iPhone Developer";
				COPY_PHASE_STRIP = NO;
				DEBUG_INFORMATION_FORMAT = "dwarf-with-dsym";
				ENABLE_NS_ASSERTIONS = NO;
				ENABLE_STRICT_OBJC_MSGSEND = YES;
				GCC_C_LANGUAGE_STANDARD = gnu11;
				GCC_NO_COMMON_BLOCKS = YES;
				GCC_WARN_64_TO_32_BIT_CONVERSION = YES;
				GCC_WARN_ABOUT_RETURN_TYPE = YES_ERROR;
				GCC_WARN_UNDECLARED_SELECTOR = YES;
				GCC_WARN_UNINITIALIZED_AUTOS = YES_AGGRESSIVE;
				GCC_WARN_UNUSED_FUNCTION = YES;
				GCC_WARN_UNUSED_VARIABLE = YES;
				IPHONEOS_DEPLOYMENT_TARGET = 11.3;
				MTL_ENABLE_DEBUG_INFO = NO;
				SDKROOT = iphoneos;
				SWIFT_COMPILATION_MODE = wholemodule;
				SWIFT_OPTIMIZATION_LEVEL = "-O";
				VALIDATE_PRODUCT = YES;
			};
			name = Release;
		};
		6BBE317D20AA5DF200923857 /* Debug */ = {
			isa = XCBuildConfiguration;
			baseConfigurationReference = 81781BB812086772A2CDE8C4 /* Pods-iOSMVVM.debug.xcconfig */;
			buildSettings = {
				ASSETCATALOG_COMPILER_APPICON_NAME = AppIcon;
				CODE_SIGN_STYLE = Automatic;
				DEVELOPMENT_TEAM = T4LEQT4SFD;
				INFOPLIST_FILE = iOSMVVM/Info.plist;
				LD_RUNPATH_SEARCH_PATHS = (
					"$(inherited)",
					"@executable_path/Frameworks",
				);
				PRODUCT_BUNDLE_IDENTIFIER = tech.takenoko.iOSMVVM;
				PRODUCT_NAME = "$(TARGET_NAME)";
				SWIFT_VERSION = 4.0;
				TARGETED_DEVICE_FAMILY = "1,2";
			};
			name = Debug;
		};
		6BBE317E20AA5DF200923857 /* Release */ = {
			isa = XCBuildConfiguration;
			baseConfigurationReference = 20073E2827F3B8A63FEF7CCE /* Pods-iOSMVVM.release.xcconfig */;
			buildSettings = {
				ASSETCATALOG_COMPILER_APPICON_NAME = AppIcon;
				CODE_SIGN_STYLE = Automatic;
				DEVELOPMENT_TEAM = T4LEQT4SFD;
				INFOPLIST_FILE = iOSMVVM/Info.plist;
				LD_RUNPATH_SEARCH_PATHS = (
					"$(inherited)",
					"@executable_path/Frameworks",
				);
				PRODUCT_BUNDLE_IDENTIFIER = tech.takenoko.iOSMVVM;
				PRODUCT_NAME = "$(TARGET_NAME)";
				SWIFT_VERSION = 4.0;
				TARGETED_DEVICE_FAMILY = "1,2";
			};
			name = Release;
		};
		6BBE318020AA5DF200923857 /* Debug */ = {
			isa = XCBuildConfiguration;
			baseConfigurationReference = 638DF3741BA135FA5C1F462B /* Pods-iOSMVVMTests.debug.xcconfig */;
			buildSettings = {
				ALWAYS_EMBED_SWIFT_STANDARD_LIBRARIES = YES;
				BUNDLE_LOADER = "$(TEST_HOST)";
				CODE_SIGN_STYLE = Automatic;
				DEVELOPMENT_TEAM = T4LEQT4SFD;
				INFOPLIST_FILE = iOSMVVMTests/Info.plist;
				LD_RUNPATH_SEARCH_PATHS = (
					"$(inherited)",
					"@executable_path/Frameworks",
					"@loader_path/Frameworks",
				);
				PRODUCT_BUNDLE_IDENTIFIER = tech.takenoko.iOSMVVMTests;
				PRODUCT_NAME = "$(TARGET_NAME)";
				SWIFT_VERSION = 4.0;
				TARGETED_DEVICE_FAMILY = "1,2";
				TEST_HOST = "$(BUILT_PRODUCTS_DIR)/iOSMVVM.app/iOSMVVM";
			};
			name = Debug;
		};
		6BBE318120AA5DF200923857 /* Release */ = {
			isa = XCBuildConfiguration;
			baseConfigurationReference = D00F07061E6703880610D5AE /* Pods-iOSMVVMTests.release.xcconfig */;
			buildSettings = {
				ALWAYS_EMBED_SWIFT_STANDARD_LIBRARIES = YES;
				BUNDLE_LOADER = "$(TEST_HOST)";
				CODE_SIGN_STYLE = Automatic;
				DEVELOPMENT_TEAM = T4LEQT4SFD;
				INFOPLIST_FILE = iOSMVVMTests/Info.plist;
				LD_RUNPATH_SEARCH_PATHS = (
					"$(inherited)",
					"@executable_path/Frameworks",
					"@loader_path/Frameworks",
				);
				PRODUCT_BUNDLE_IDENTIFIER = tech.takenoko.iOSMVVMTests;
				PRODUCT_NAME = "$(TARGET_NAME)";
				SWIFT_VERSION = 4.0;
				TARGETED_DEVICE_FAMILY = "1,2";
				TEST_HOST = "$(BUILT_PRODUCTS_DIR)/iOSMVVM.app/iOSMVVM";
			};
			name = Release;
		};
		6BBE318320AA5DF200923857 /* Debug */ = {
			isa = XCBuildConfiguration;
			baseConfigurationReference = 8A13F64FA83EAA0FC0D37D38 /* Pods-iOSMVVMUITests.debug.xcconfig */;
			buildSettings = {
				ALWAYS_EMBED_SWIFT_STANDARD_LIBRARIES = YES;
				CODE_SIGN_STYLE = Automatic;
				DEVELOPMENT_TEAM = T4LEQT4SFD;
				INFOPLIST_FILE = iOSMVVMUITests/Info.plist;
				LD_RUNPATH_SEARCH_PATHS = (
					"$(inherited)",
					"@executable_path/Frameworks",
					"@loader_path/Frameworks",
				);
				PRODUCT_BUNDLE_IDENTIFIER = tech.takenoko.iOSMVVMUITests;
				PRODUCT_NAME = "$(TARGET_NAME)";
				SWIFT_VERSION = 4.0;
				TARGETED_DEVICE_FAMILY = "1,2";
				TEST_TARGET_NAME = iOSMVVM;
			};
			name = Debug;
		};
		6BBE318420AA5DF200923857 /* Release */ = {
			isa = XCBuildConfiguration;
			baseConfigurationReference = FE98ABBF6EE1103029CF3156 /* Pods-iOSMVVMUITests.release.xcconfig */;
			buildSettings = {
				ALWAYS_EMBED_SWIFT_STANDARD_LIBRARIES = YES;
				CODE_SIGN_STYLE = Automatic;
				DEVELOPMENT_TEAM = T4LEQT4SFD;
				INFOPLIST_FILE = iOSMVVMUITests/Info.plist;
				LD_RUNPATH_SEARCH_PATHS = (
					"$(inherited)",
					"@executable_path/Frameworks",
					"@loader_path/Frameworks",
				);
				PRODUCT_BUNDLE_IDENTIFIER = tech.takenoko.iOSMVVMUITests;
				PRODUCT_NAME = "$(TARGET_NAME)";
				SWIFT_VERSION = 4.0;
				TARGETED_DEVICE_FAMILY = "1,2";
				TEST_TARGET_NAME = iOSMVVM;
			};
			name = Release;
		};
/* End XCBuildConfiguration section */

/* Begin XCConfigurationList section */
		6BBE314C20AA5DF000923857 /* Build configuration list for PBXProject "iOSMVVM" */ = {
			isa = XCConfigurationList;
			buildConfigurations = (
				6BBE317A20AA5DF200923857 /* Debug */,
				6BBE317B20AA5DF200923857 /* Release */,
			);
			defaultConfigurationIsVisible = 0;
			defaultConfigurationName = Release;
		};
		6BBE317C20AA5DF200923857 /* Build configuration list for PBXNativeTarget "iOSMVVM" */ = {
			isa = XCConfigurationList;
			buildConfigurations = (
				6BBE317D20AA5DF200923857 /* Debug */,
				6BBE317E20AA5DF200923857 /* Release */,
			);
			defaultConfigurationIsVisible = 0;
			defaultConfigurationName = Release;
		};
		6BBE317F20AA5DF200923857 /* Build configuration list for PBXNativeTarget "iOSMVVMTests" */ = {
			isa = XCConfigurationList;
			buildConfigurations = (
				6BBE318020AA5DF200923857 /* Debug */,
				6BBE318120AA5DF200923857 /* Release */,
			);
			defaultConfigurationIsVisible = 0;
			defaultConfigurationName = Release;
		};
		6BBE318220AA5DF200923857 /* Build configuration list for PBXNativeTarget "iOSMVVMUITests" */ = {
			isa = XCConfigurationList;
			buildConfigurations = (
				6BBE318320AA5DF200923857 /* Debug */,
				6BBE318420AA5DF200923857 /* Release */,
			);
			defaultConfigurationIsVisible = 0;
			defaultConfigurationName = Release;
		};
/* End XCConfigurationList section */

/* Begin XCVersionGroup section */
		6BBE315B20AA5DF000923857 /* iOSMVVM.xcdatamodeld */ = {
			isa = XCVersionGroup;
			children = (
				6BBE315C20AA5DF000923857 /* iOSMVVM.xcdatamodel */,
			);
			currentVersion = 6BBE315C20AA5DF000923857 /* iOSMVVM.xcdatamodel */;
			path = iOSMVVM.xcdatamodeld;
			sourceTree = "<group>";
			versionGroupType = wrapper.xcdatamodel;
		};
/* End XCVersionGroup section */
	};
	rootObject = 6BBE314920AA5DF000923857 /* Project object */;
}
